
Microsoft Visual Studio Solution File, Format Version 12.00
# Visual Studio 2015
Project("{FAE04EC0-301F-11D3-BF4B-00C04F79EFBC}") = "NeuroSkyUnityThinkGearPlugins-master.Plugins", "NeuroSkyUnityThinkGearPlugins-master.Plugins.csproj", "{761EA800-D9D3-A427-067F-85F18DE51850}"
EndProject
Project("{FAE04EC0-301F-11D3-BF4B-00C04F79EFBC}") = "NeuroSkyUnityThinkGearPlugins-master", "NeuroSkyUnityThinkGearPlugins-master.csproj", "{EC39CE9F-F527-7487-A681-54EB1FF3DF01}"
EndProject
Global
	GlobalSection(SolutionConfigurationPlatforms) = preSolution
		Debug|Any CPU = Debug|Any CPU
		Release|Any CPU = Release|Any CPU
	EndGlobalSection
	GlobalSection(ProjectConfigurationPlatforms) = postSolution
		{761EA800-D9D3-A427-067F-85F18DE51850}.Debug|Any CPU.ActiveCfg = Debug|Any CPU
		{761EA800-D9D3-A427-067F-85F18DE51850}.Debug|Any CPU.Build.0 = Debug|Any CPU
		{761EA800-D9D3-A427-067F-85F18DE51850}.Release|Any CPU.ActiveCfg = Release|Any CPU
		{761EA800-D9D3-A427-067F-85F18DE51850}.Release|Any CPU.Build.0 = Release|Any CPU
		{EC39CE9F-F527-7487-A681-54EB1FF3DF01}.Debug|Any CPU.ActiveCfg = Debug|Any CPU
		{EC39CE9F-F527-7487-A681-54EB1FF3DF01}.Debug|Any CPU.Build.0 = Debug|Any CPU
		{EC39CE9F-F527-7487-A681-54EB1FF3DF01}.Release|Any CPU.ActiveCfg = Release|Any CPU
		{EC39CE9F-F527-7487-A681-54EB1FF3DF01}.Release|Any CPU.Build.0 = Release|Any CPU
	EndGlobalSection
	GlobalSection(SolutionProperties) = preSolution
		HideSolutionNode = FALSE
	EndGlobalSection
EndGlobal
