Microsoft Visual Studio Solution File, Format Version 11.00
# Visual Studio 2008

Project("{13E61A04-A585-2640-0096-B1E18F312D6A}") = "NeuroSkyUnityThinkGearPlugins-master", "Assembly-CSharp-firstpass.csproj", "{09204D5D-3123-289D-F6F9-F7B6DE1C3283}"
EndProject
Project("{13E61A04-A585-2640-0096-B1E18F312D6A}") = "NeuroSkyUnityThinkGearPlugins-master", "Assembly-CSharp.csproj", "{3EE2DF19-F81F-E68B-1B13-7C7F10F18237}"
EndProject
Global
	GlobalSection(SolutionConfigurationPlatforms) = preSolution
		Debug|Any CPU = Debug|Any CPU
		Release|Any CPU = Release|Any CPU
	EndGlobalSection
	GlobalSection(ProjectConfigurationPlatforms) = postSolution
		{09204D5D-3123-289D-F6F9-F7B6DE1C3283}.Debug|Any CPU.ActiveCfg = Debug|Any CPU
		{09204D5D-3123-289D-F6F9-F7B6DE1C3283}.Debug|Any CPU.Build.0 = Debug|Any CPU
		{09204D5D-3123-289D-F6F9-F7B6DE1C3283}.Release|Any CPU.ActiveCfg = Release|Any CPU
		{09204D5D-3123-289D-F6F9-F7B6DE1C3283}.Release|Any CPU.Build.0 = Release|Any CPU
		{3EE2DF19-F81F-E68B-1B13-7C7F10F18237}.Debug|Any CPU.ActiveCfg = Debug|Any CPU
		{3EE2DF19-F81F-E68B-1B13-7C7F10F18237}.Debug|Any CPU.Build.0 = Debug|Any CPU
		{3EE2DF19-F81F-E68B-1B13-7C7F10F18237}.Release|Any CPU.ActiveCfg = Release|Any CPU
		{3EE2DF19-F81F-E68B-1B13-7C7F10F18237}.Release|Any CPU.Build.0 = Release|Any CPU
	EndGlobalSection
	GlobalSection(SolutionProperties) = preSolution
		HideSolutionNode = FALSE
	EndGlobalSection
	GlobalSection(MonoDevelopProperties) = preSolution
		StartupItem = Assembly-CSharp.csproj
	EndGlobalSection
EndGlobal
